
Microsoft Visual Studio Solution File, Format Version 12.00
# Visual Studio 15
VisualStudioVersion = 15.0.26430.6
MinimumVisualStudioVersion = 10.0.40219.1
Project("{FAE04EC0-301F-11D3-BF4B-00C04F79EFBC}") = "Esf.Website", "Esf.Website\Esf.Website.csproj", "{08905CC7-E07E-415F-9F05-3586BAF5CB56}"
EndProject
Project("{FAE04EC0-301F-11D3-BF4B-00C04F79EFBC}") = "Esf.DataAccess", "Esf.DataAccess\Esf.DataAccess.csproj", "{37F79771-977A-4E8E-8F38-1A128254E711}"
EndProject
Project("{FAE04EC0-301F-11D3-BF4B-00C04F79EFBC}") = "Esf.Domain", "Esf.Domain\Esf.Domain.csproj", "{64E089B7-0F7E-4AFE-9980-D182AB7AA241}"
EndProject
Project("{FAE04EC0-301F-11D3-BF4B-00C04F79EFBC}") = "Esf.Domain.Tests", "Esf.Domain.Tests\Esf.Domain.Tests.csproj", "{369708B4-28B4-48BE-BF18-99C7161947A7}"
EndProject
Project("{2150E333-8FDC-42A3-9474-1A3956D46DE8}") = "DataAccess", "DataAccess", "{A93FB772-61A4-4531-8BFE-C688445673B6}"
EndProject
Project("{2150E333-8FDC-42A3-9474-1A3956D46DE8}") = "Domain", "Domain", "{D346AEB2-6C24-4DB2-B7E0-85474ADD22E0}"
EndProject
Project("{2150E333-8FDC-42A3-9474-1A3956D46DE8}") = "Website", "Website", "{30C098A3-59BF-456B-934C-C955CA8823C9}"
EndProject
Project("{2150E333-8FDC-42A3-9474-1A3956D46DE8}") = "WebApi", "WebApi", "{851B989A-B3D4-4D3E-B8B8-873488553BE6}"
EndProject
Project("{FAE04EC0-301F-11D3-BF4B-00C04F79EFBC}") = "Esf.WebApi", "Esf.WebApi\Esf.WebApi.csproj", "{24A64EE9-A151-4131-8136-7680007AFB46}"
EndProject
Project("{FAE04EC0-301F-11D3-BF4B-00C04F79EFBC}") = "Esf.DataAccess.IntegrationTests", "Esf.DataAccess.IntegrationTests\Esf.DataAccess.IntegrationTests.csproj", "{ACAE4673-121A-4B65-9300-CF5810C34316}"
EndProject
Project("{E53339B2-1760-4266-BCC7-CA923CBCF16C}") = "docker-compose", "docker-compose.dcproj", "{C848C8FB-7709-4882-B586-AAB1AE9617A3}"
EndProject
Global
	GlobalSection(SolutionConfigurationPlatforms) = preSolution
		Debug|Any CPU = Debug|Any CPU
		Release|Any CPU = Release|Any CPU
	EndGlobalSection
	GlobalSection(ProjectConfigurationPlatforms) = postSolution
		{08905CC7-E07E-415F-9F05-3586BAF5CB56}.Debug|Any CPU.ActiveCfg = Debug|Any CPU
		{08905CC7-E07E-415F-9F05-3586BAF5CB56}.Debug|Any CPU.Build.0 = Debug|Any CPU
		{08905CC7-E07E-415F-9F05-3586BAF5CB56}.Release|Any CPU.ActiveCfg = Release|Any CPU
		{08905CC7-E07E-415F-9F05-3586BAF5CB56}.Release|Any CPU.Build.0 = Release|Any CPU
		{37F79771-977A-4E8E-8F38-1A128254E711}.Debug|Any CPU.ActiveCfg = Debug|Any CPU
		{37F79771-977A-4E8E-8F38-1A128254E711}.Debug|Any CPU.Build.0 = Debug|Any CPU
		{37F79771-977A-4E8E-8F38-1A128254E711}.Release|Any CPU.ActiveCfg = Release|Any CPU
		{37F79771-977A-4E8E-8F38-1A128254E711}.Release|Any CPU.Build.0 = Release|Any CPU
		{64E089B7-0F7E-4AFE-9980-D182AB7AA241}.Debug|Any CPU.ActiveCfg = Debug|Any CPU
		{64E089B7-0F7E-4AFE-9980-D182AB7AA241}.Debug|Any CPU.Build.0 = Debug|Any CPU
		{64E089B7-0F7E-4AFE-9980-D182AB7AA241}.Release|Any CPU.ActiveCfg = Release|Any CPU
		{64E089B7-0F7E-4AFE-9980-D182AB7AA241}.Release|Any CPU.Build.0 = Release|Any CPU
		{369708B4-28B4-48BE-BF18-99C7161947A7}.Debug|Any CPU.ActiveCfg = Debug|Any CPU
		{369708B4-28B4-48BE-BF18-99C7161947A7}.Debug|Any CPU.Build.0 = Debug|Any CPU
		{369708B4-28B4-48BE-BF18-99C7161947A7}.Release|Any CPU.ActiveCfg = Release|Any CPU
		{369708B4-28B4-48BE-BF18-99C7161947A7}.Release|Any CPU.Build.0 = Release|Any CPU
		{24A64EE9-A151-4131-8136-7680007AFB46}.Debug|Any CPU.ActiveCfg = Debug|Any CPU
		{24A64EE9-A151-4131-8136-7680007AFB46}.Debug|Any CPU.Build.0 = Debug|Any CPU
		{24A64EE9-A151-4131-8136-7680007AFB46}.Release|Any CPU.ActiveCfg = Release|Any CPU
		{24A64EE9-A151-4131-8136-7680007AFB46}.Release|Any CPU.Build.0 = Release|Any CPU
		{ACAE4673-121A-4B65-9300-CF5810C34316}.Debug|Any CPU.ActiveCfg = Debug|Any CPU
		{ACAE4673-121A-4B65-9300-CF5810C34316}.Debug|Any CPU.Build.0 = Debug|Any CPU
		{ACAE4673-121A-4B65-9300-CF5810C34316}.Release|Any CPU.ActiveCfg = Release|Any CPU
		{ACAE4673-121A-4B65-9300-CF5810C34316}.Release|Any CPU.Build.0 = Release|Any CPU
		{C848C8FB-7709-4882-B586-AAB1AE9617A3}.Debug|Any CPU.ActiveCfg = Debug|Any CPU
		{C848C8FB-7709-4882-B586-AAB1AE9617A3}.Debug|Any CPU.Build.0 = Debug|Any CPU
		{C848C8FB-7709-4882-B586-AAB1AE9617A3}.Release|Any CPU.ActiveCfg = Release|Any CPU
		{C848C8FB-7709-4882-B586-AAB1AE9617A3}.Release|Any CPU.Build.0 = Release|Any CPU
	EndGlobalSection
	GlobalSection(SolutionProperties) = preSolution
		HideSolutionNode = FALSE
	EndGlobalSection
	GlobalSection(NestedProjects) = preSolution
		{08905CC7-E07E-415F-9F05-3586BAF5CB56} = {30C098A3-59BF-456B-934C-C955CA8823C9}
		{37F79771-977A-4E8E-8F38-1A128254E711} = {A93FB772-61A4-4531-8BFE-C688445673B6}
		{64E089B7-0F7E-4AFE-9980-D182AB7AA241} = {D346AEB2-6C24-4DB2-B7E0-85474ADD22E0}
		{369708B4-28B4-48BE-BF18-99C7161947A7} = {D346AEB2-6C24-4DB2-B7E0-85474ADD22E0}
		{24A64EE9-A151-4131-8136-7680007AFB46} = {851B989A-B3D4-4D3E-B8B8-873488553BE6}
		{ACAE4673-121A-4B65-9300-CF5810C34316} = {A93FB772-61A4-4531-8BFE-C688445673B6}
		{C848C8FB-7709-4882-B586-AAB1AE9617A3} = {30C098A3-59BF-456B-934C-C955CA8823C9}
	EndGlobalSection
EndGlobal
